// !$*UTF8*$!
{
	archiveVersion = 1;
	classes = {
	};
	objectVersion = 55;
	objects = {

/* Begin PBXBuildFile section */
		3472A83B28BA7DD7005053DD /* AppDelegate.swift in Sources */ = {isa = PBXBuildFile; fileRef = 3472A83A28BA7DD7005053DD /* AppDelegate.swift */; };
		3472A83D28BA7DD7005053DD /* SceneDelegate.swift in Sources */ = {isa = PBXBuildFile; fileRef = 3472A83C28BA7DD7005053DD /* SceneDelegate.swift */; };
		3472A83F28BA7DD7005053DD /* ViewController.swift in Sources */ = {isa = PBXBuildFile; fileRef = 3472A83E28BA7DD7005053DD /* ViewController.swift */; };
		3472A84228BA7DD7005053DD /* Main.storyboard in Resources */ = {isa = PBXBuildFile; fileRef = 3472A84028BA7DD7005053DD /* Main.storyboard */; };
		3472A84428BA7DD8005053DD /* Assets.xcassets in Resources */ = {isa = PBXBuildFile; fileRef = 3472A84328BA7DD8005053DD /* Assets.xcassets */; };
		3472A84728BA7DD8005053DD /* LaunchScreen.storyboard in Resources */ = {isa = PBXBuildFile; fileRef = 3472A84528BA7DD8005053DD /* LaunchScreen.storyboard */; };
		3472A85228BA7DD8005053DD /* todoTests.swift in Sources */ = {isa = PBXBuildFile; fileRef = 3472A85128BA7DD8005053DD /* todoTests.swift */; };
		3472A85C28BA7DD8005053DD /* todoUITests.swift in Sources */ = {isa = PBXBuildFile; fileRef = 3472A85B28BA7DD8005053DD /* todoUITests.swift */; };
		3472A85E28BA7DD8005053DD /* todoUITestsLaunchTests.swift in Sources */ = {isa = PBXBuildFile; fileRef = 3472A85D28BA7DD8005053DD /* todoUITestsLaunchTests.swift */; };
/* End PBXBuildFile section */

/* Begin PBXContainerItemProxy section */
		3472A84E28BA7DD8005053DD /* PBXContainerItemProxy */ = {
			isa = PBXContainerItemProxy;
			containerPortal = 3472A82F28BA7DD7005053DD /* Project object */;
			proxyType = 1;
			remoteGlobalIDString = 3472A83628BA7DD7005053DD;
			remoteInfo = todo;
		};
		3472A85828BA7DD8005053DD /* PBXContainerItemProxy */ = {
			isa = PBXContainerItemProxy;
			containerPortal = 3472A82F28BA7DD7005053DD /* Project object */;
			proxyType = 1;
			remoteGlobalIDString = 3472A83628BA7DD7005053DD;
			remoteInfo = todo;
		};
/* End PBXContainerItemProxy section */

/* Begin PBXFileReference section */
		3472A83728BA7DD7005053DD /* todo.app */ = {isa = PBXFileReference; explicitFileType = wrapper.application; includeInIndex = 0; path = todo.app; sourceTree = BUILT_PRODUCTS_DIR; };
		3472A83A28BA7DD7005053DD /* AppDelegate.swift */ = {isa = PBXFileReference; lastKnownFileType = sourcecode.swift; path = AppDelegate.swift; sourceTree = "<group>"; };
		3472A83C28BA7DD7005053DD /* SceneDelegate.swift */ = {isa = PBXFileReference; lastKnownFileType = sourcecode.swift; path = SceneDelegate.swift; sourceTree = "<group>"; };
		3472A83E28BA7DD7005053DD /* ViewController.swift */ = {isa = PBXFileReference; lastKnownFileType = sourcecode.swift; path = ViewController.swift; sourceTree = "<group>"; };
		3472A84128BA7DD7005053DD /* Base */ = {isa = PBXFileReference; lastKnownFileType = file.storyboard; name = Base; path = Base.lproj/Main.storyboard; sourceTree = "<group>"; };
		3472A84328BA7DD8005053DD /* Assets.xcassets */ = {isa = PBXFileReference; lastKnownFileType = folder.assetcatalog; path = Assets.xcassets; sourceTree = "<group>"; };
		3472A84628BA7DD8005053DD /* Base */ = {isa = PBXFileReference; lastKnownFileType = file.storyboard; name = Base; path = Base.lproj/LaunchScreen.storyboard; sourceTree = "<group>"; };
		3472A84828BA7DD8005053DD /* Info.plist */ = {isa = PBXFileReference; lastKnownFileType = text.plist.xml; path = Info.plist; sourceTree = "<group>"; };
		3472A84D28BA7DD8005053DD /* todoTests.xctest */ = {isa = PBXFileReference; explicitFileType = wrapper.cfbundle; includeInIndex = 0; path = todoTests.xctest; sourceTree = BUILT_PRODUCTS_DIR; };
		3472A85128BA7DD8005053DD /* todoTests.swift */ = {isa = PBXFileReference; lastKnownFileType = sourcecode.swift; path = todoTests.swift; sourceTree = "<group>"; };
		3472A85728BA7DD8005053DD /* todoUITests.xctest */ = {isa = PBXFileReference; explicitFileType = wrapper.cfbundle; includeInIndex = 0; path = todoUITests.xctest; sourceTree = BUILT_PRODUCTS_DIR; };
		3472A85B28BA7DD8005053DD /* todoUITests.swift */ = {isa = PBXFileReference; lastKnownFileType = sourcecode.swift; path = todoUITests.swift; sourceTree = "<group>"; };
		3472A85D28BA7DD8005053DD /* todoUITestsLaunchTests.swift */ = {isa = PBXFileReference; lastKnownFileType = sourcecode.swift; path = todoUITestsLaunchTests.swift; sourceTree = "<group>"; };
/* End PBXFileReference section */

/* Begin PBXFrameworksBuildPhase section */
		3472A83428BA7DD7005053DD /* Frameworks */ = {
			isa = PBXFrameworksBuildPhase;
			buildActionMask = 2147483647;
			files = (
			);
			runOnlyForDeploymentPostprocessing = 0;
		};
		3472A84A28BA7DD8005053DD /* Frameworks */ = {
			isa = PBXFrameworksBuildPhase;
			buildActionMask = 2147483647;
			files = (
			);
			runOnlyForDeploymentPostprocessing = 0;
		};
		3472A85428BA7DD8005053DD /* Frameworks */ = {
			isa = PBXFrameworksBuildPhase;
			buildActionMask = 2147483647;
			files = (
			);
			runOnlyForDeploymentPostprocessing = 0;
		};
/* End PBXFrameworksBuildPhase section */

/* Begin PBXGroup section */
		3472A82E28BA7DD7005053DD = {
			isa = PBXGroup;
			children = (
				3472A83928BA7DD7005053DD /* todo */,
				3472A85028BA7DD8005053DD /* todoTests */,
				3472A85A28BA7DD8005053DD /* todoUITests */,
				3472A83828BA7DD7005053DD /* Products */,
			);
			sourceTree = "<group>";
		};
		3472A83828BA7DD7005053DD /* Products */ = {
			isa = PBXGroup;
			children = (
				3472A83728BA7DD7005053DD /* todo.app */,
				3472A84D28BA7DD8005053DD /* todoTests.xctest */,
				3472A85728BA7DD8005053DD /* todoUITests.xctest */,
			);
			name = Products;
			sourceTree = "<group>";
		};
		3472A83928BA7DD7005053DD /* todo */ = {
			isa = PBXGroup;
			children = (
				3472A83A28BA7DD7005053DD /* AppDelegate.swift */,
				3472A83C28BA7DD7005053DD /* SceneDelegate.swift */,
				3472A83E28BA7DD7005053DD /* ViewController.swift */,
				3472A84028BA7DD7005053DD /* Main.storyboard */,
				3472A84328BA7DD8005053DD /* Assets.xcassets */,
				3472A84528BA7DD8005053DD /* LaunchScreen.storyboard */,
				3472A84828BA7DD8005053DD /* Info.plist */,
			);
			path = todo;
			sourceTree = "<group>";
		};
		3472A85028BA7DD8005053DD /* todoTests */ = {
			isa = PBXGroup;
			children = (
				3472A85128BA7DD8005053DD /* todoTests.swift */,
			);
			path = todoTests;
			sourceTree = "<group>";
		};
		3472A85A28BA7DD8005053DD /* todoUITests */ = {
			isa = PBXGroup;
			children = (
				3472A85B28BA7DD8005053DD /* todoUITests.swift */,
				3472A85D28BA7DD8005053DD /* todoUITestsLaunchTests.swift */,
			);
			path = todoUITests;
			sourceTree = "<group>";
		};
/* End PBXGroup section */

/* Begin PBXNativeTarget section */
		3472A83628BA7DD7005053DD /* todo */ = {
			isa = PBXNativeTarget;
			buildConfigurationList = 3472A86128BA7DD8005053DD /* Build configuration list for PBXNativeTarget "todo" */;
			buildPhases = (
				3472A83328BA7DD7005053DD /* Sources */,
				3472A83428BA7DD7005053DD /* Frameworks */,
				3472A83528BA7DD7005053DD /* Resources */,
			);
			buildRules = (
			);
			dependencies = (
			);
			name = todo;
			productName = todo;
			productReference = 3472A83728BA7DD7005053DD /* todo.app */;
			productType = "com.apple.product-type.application";
		};
		3472A84C28BA7DD8005053DD /* todoTests */ = {
			isa = PBXNativeTarget;
			buildConfigurationList = 3472A86428BA7DD8005053DD /* Build configuration list for PBXNativeTarget "todoTests" */;
			buildPhases = (
				3472A84928BA7DD8005053DD /* Sources */,
				3472A84A28BA7DD8005053DD /* Frameworks */,
				3472A84B28BA7DD8005053DD /* Resources */,
			);
			buildRules = (
			);
			dependencies = (
				3472A84F28BA7DD8005053DD /* PBXTargetDependency */,
			);
			name = todoTests;
			productName = todoTests;
			productReference = 3472A84D28BA7DD8005053DD /* todoTests.xctest */;
			productType = "com.apple.product-type.bundle.unit-test";
		};
		3472A85628BA7DD8005053DD /* todoUITests */ = {
			isa = PBXNativeTarget;
			buildConfigurationList = 3472A86728BA7DD8005053DD /* Build configuration list for PBXNativeTarget "todoUITests" */;
			buildPhases = (
				3472A85328BA7DD8005053DD /* Sources */,
				3472A85428BA7DD8005053DD /* Frameworks */,
				3472A85528BA7DD8005053DD /* Resources */,
			);
			buildRules = (
			);
			dependencies = (
				3472A85928BA7DD8005053DD /* PBXTargetDependency */,
			);
			name = todoUITests;
			productName = todoUITests;
			productReference = 3472A85728BA7DD8005053DD /* todoUITests.xctest */;
			productType = "com.apple.product-type.bundle.ui-testing";
		};
/* End PBXNativeTarget section */

/* Begin PBXProject section */
		3472A82F28BA7DD7005053DD /* Project object */ = {
			isa = PBXProject;
			attributes = {
				BuildIndependentTargetsInParallel = 1;
				LastSwiftUpdateCheck = 1340;
				LastUpgradeCheck = 1340;
				TargetAttributes = {
					3472A83628BA7DD7005053DD = {
						CreatedOnToolsVersion = 13.4.1;
					};
					3472A84C28BA7DD8005053DD = {
						CreatedOnToolsVersion = 13.4.1;
						TestTargetID = 3472A83628BA7DD7005053DD;
					};
					3472A85628BA7DD8005053DD = {
						CreatedOnToolsVersion = 13.4.1;
						TestTargetID = 3472A83628BA7DD7005053DD;
					};
				};
			};
			buildConfigurationList = 3472A83228BA7DD7005053DD /* Build configuration list for PBXProject "todo" */;
			compatibilityVersion = "Xcode 13.0";
			developmentRegion = en;
			hasScannedForEncodings = 0;
			knownRegions = (
				en,
				Base,
			);
			mainGroup = 3472A82E28BA7DD7005053DD;
			productRefGroup = 3472A83828BA7DD7005053DD /* Products */;
			projectDirPath = "";
			projectRoot = "";
			targets = (
				3472A83628BA7DD7005053DD /* todo */,
				3472A84C28BA7DD8005053DD /* todoTests */,
				3472A85628BA7DD8005053DD /* todoUITests */,
			);
		};
/* End PBXProject section */

/* Begin PBXResourcesBuildPhase section */
		3472A83528BA7DD7005053DD /* Resources */ = {
			isa = PBXResourcesBuildPhase;
			buildActionMask = 2147483647;
			files = (
				3472A84728BA7DD8005053DD /* LaunchScreen.storyboard in Resources */,
				3472A84428BA7DD8005053DD /* Assets.xcassets in Resources */,
				3472A84228BA7DD7005053DD /* Main.storyboard in Resources */,
			);
			runOnlyForDeploymentPostprocessing = 0;
		};
		3472A84B28BA7DD8005053DD /* Resources */ = {
			isa = PBXResourcesBuildPhase;
			buildActionMask = 2147483647;
			files = (
			);
			runOnlyForDeploymentPostprocessing = 0;
		};
		3472A85528BA7DD8005053DD /* Resources */ = {
			isa = PBXResourcesBuildPhase;
			buildActionMask = 2147483647;
			files = (
			);
			runOnlyForDeploymentPostprocessing = 0;
		};
/* End PBXResourcesBuildPhase section */

/* Begin PBXSourcesBuildPhase section */
		3472A83328BA7DD7005053DD /* Sources */ = {
			isa = PBXSourcesBuildPhase;
			buildActionMask = 2147483647;
			files = (
				3472A83F28BA7DD7005053DD /* ViewController.swift in Sources */,
				3472A83B28BA7DD7005053DD /* AppDelegate.swift in Sources */,
				3472A83D28BA7DD7005053DD /* SceneDelegate.swift in Sources */,
			);
			runOnlyForDeploymentPostprocessing = 0;
		};
		3472A84928BA7DD8005053DD /* Sources */ = {
			isa = PBXSourcesBuildPhase;
			buildActionMask = 2147483647;
			files = (
				3472A85228BA7DD8005053DD /* todoTests.swift in Sources */,
			);
			runOnlyForDeploymentPostprocessing = 0;
		};
		3472A85328BA7DD8005053DD /* Sources */ = {
			isa = PBXSourcesBuildPhase;
			buildActionMask = 2147483647;
			files = (
				3472A85E28BA7DD8005053DD /* todoUITestsLaunchTests.swift in Sources */,
				3472A85C28BA7DD8005053DD /* todoUITests.swift in Sources */,
			);
			runOnlyForDeploymentPostprocessing = 0;
		};
/* End PBXSourcesBuildPhase section */

/* Begin PBXTargetDependency section */
		3472A84F28BA7DD8005053DD /* PBXTargetDependency */ = {
			isa = PBXTargetDependency;
			target = 3472A83628BA7DD7005053DD /* todo */;
			targetProxy = 3472A84E28BA7DD8005053DD /* PBXContainerItemProxy */;
		};
		3472A85928BA7DD8005053DD /* PBXTargetDependency */ = {
			isa = PBXTargetDependency;
			target = 3472A83628BA7DD7005053DD /* todo */;
			targetProxy = 3472A85828BA7DD8005053DD /* PBXContainerItemProxy */;
		};
/* End PBXTargetDependency section */

/* Begin PBXVariantGroup section */
		3472A84028BA7DD7005053DD /* Main.storyboard */ = {
			isa = PBXVariantGroup;
			children = (
				3472A84128BA7DD7005053DD /* Base */,
			);
			name = Main.storyboard;
			sourceTree = "<group>";
		};
		3472A84528BA7DD8005053DD /* LaunchScreen.storyboard */ = {
			isa = PBXVariantGroup;
			children = (
				3472A84628BA7DD8005053DD /* Base */,
			);
			name = LaunchScreen.storyboard;
			sourceTree = "<group>";
		};
/* End PBXVariantGroup section */

/* Begin XCBuildConfiguration section */
		3472A85F28BA7DD8005053DD /* Debug */ = {
			isa = XCBuildConfiguration;
			buildSettings = {
				ALWAYS_SEARCH_USER_PATHS = NO;
				CLANG_ANALYZER_NONNULL = YES;
				CLANG_ANALYZER_NUMBER_OBJECT_CONVERSION = YES_AGGRESSIVE;
				CLANG_CXX_LANGUAGE_STANDARD = "gnu++17";
				CLANG_ENABLE_MODULES = YES;
				CLANG_ENABLE_OBJC_ARC = YES;
				CLANG_ENABLE_OBJC_WEAK = YES;
				CLANG_WARN_BLOCK_CAPTURE_AUTORELEASING = YES;
				CLANG_WARN_BOOL_CONVERSION = YES;
				CLANG_WARN_COMMA = YES;
				CLANG_WARN_CONSTANT_CONVERSION = YES;
				CLANG_WARN_DEPRECATED_OBJC_IMPLEMENTATIONS = YES;
				CLANG_WARN_DIRECT_OBJC_ISA_USAGE = YES_ERROR;
				CLANG_WARN_DOCUMENTATION_COMMENTS = YES;
				CLANG_WARN_EMPTY_BODY = YES;
				CLANG_WARN_ENUM_CONVERSION = YES;
				CLANG_WARN_INFINITE_RECURSION = YES;
				CLANG_WARN_INT_CONVERSION = YES;
				CLANG_WARN_NON_LITERAL_NULL_CONVERSION = YES;
				CLANG_WARN_OBJC_IMPLICIT_RETAIN_SELF = YES;
				CLANG_WARN_OBJC_LITERAL_CONVERSION = YES;
				CLANG_WARN_OBJC_ROOT_CLASS = YES_ERROR;
				CLANG_WARN_QUOTED_INCLUDE_IN_FRAMEWORK_HEADER = YES;
				CLANG_WARN_RANGE_LOOP_ANALYSIS = YES;
				CLANG_WARN_STRICT_PROTOTYPES = YES;
				CLANG_WARN_SUSPICIOUS_MOVE = YES;
				CLANG_WARN_UNGUARDED_AVAILABILITY = YES_AGGRESSIVE;
				CLANG_WARN_UNREACHABLE_CODE = YES;
				CLANG_WARN__DUPLICATE_METHOD_MATCH = YES;
				COPY_PHASE_STRIP = NO;
				DEBUG_INFORMATION_FORMAT = dwarf;
				ENABLE_STRICT_OBJC_MSGSEND = YES;
				ENABLE_TESTABILITY = YES;
				GCC_C_LANGUAGE_STANDARD = gnu11;
				GCC_DYNAMIC_NO_PIC = NO;
				GCC_NO_COMMON_BLOCKS = YES;
				GCC_OPTIMIZATION_LEVEL = 0;
				GCC_PREPROCESSOR_DEFINITIONS = (
					"DEBUG=1",
					"$(inherited)",
				);
				GCC_WARN_64_TO_32_BIT_CONVERSION = YES;
				GCC_WARN_ABOUT_RETURN_TYPE = YES_ERROR;
				GCC_WARN_UNDECLARED_SELECTOR = YES;
				GCC_WARN_UNINITIALIZED_AUTOS = YES_AGGRESSIVE;
				GCC_WARN_UNUSED_FUNCTION = YES;
				GCC_WARN_UNUSED_VARIABLE = YES;
				IPHONEOS_DEPLOYMENT_TARGET = 15.5;
				MTL_ENABLE_DEBUG_INFO = INCLUDE_SOURCE;
				MTL_FAST_MATH = YES;
				ONLY_ACTIVE_ARCH = YES;
				SDKROOT = iphoneos;
				SWIFT_ACTIVE_COMPILATION_CONDITIONS = DEBUG;
				SWIFT_OPTIMIZATION_LEVEL = "-Onone";
			};
			name = Debug;
		};
		3472A86028BA7DD8005053DD /* Release */ = {
			isa = XCBuildConfiguration;
			buildSettings = {
				ALWAYS_SEARCH_USER_PATHS = NO;
				CLANG_ANALYZER_NONNULL = YES;
				CLANG_ANALYZER_NUMBER_OBJECT_CONVERSION = YES_AGGRESSIVE;
				CLANG_CXX_LANGUAGE_STANDARD = "gnu++17";
				CLANG_ENABLE_MODULES = YES;
				CLANG_ENABLE_OBJC_ARC = YES;
				CLANG_ENABLE_OBJC_WEAK = YES;
				CLANG_WARN_BLOCK_CAPTURE_AUTORELEASING = YES;
				CLANG_WARN_BOOL_CONVERSION = YES;
				CLANG_WARN_COMMA = YES;
				CLANG_WARN_CONSTANT_CONVERSION = YES;
				CLANG_WARN_DEPRECATED_OBJC_IMPLEMENTATIONS = YES;
				CLANG_WARN_DIRECT_OBJC_ISA_USAGE = YES_ERROR;
				CLANG_WARN_DOCUMENTATION_COMMENTS = YES;
				CLANG_WARN_EMPTY_BODY = YES;
				CLANG_WARN_ENUM_CONVERSION = YES;
				CLANG_WARN_INFINITE_RECURSION = YES;
				CLANG_WARN_INT_CONVERSION = YES;
				CLANG_WARN_NON_LITERAL_NULL_CONVERSION = YES;
				CLANG_WARN_OBJC_IMPLICIT_RETAIN_SELF = YES;
				CLANG_WARN_OBJC_LITERAL_CONVERSION = YES;
				CLANG_WARN_OBJC_ROOT_CLASS = YES_ERROR;
				CLANG_WARN_QUOTED_INCLUDE_IN_FRAMEWORK_HEADER = YES;
				CLANG_WARN_RANGE_LOOP_ANALYSIS = YES;
				CLANG_WARN_STRICT_PROTOTYPES = YES;
				CLANG_WARN_SUSPICIOUS_MOVE = YES;
				CLANG_WARN_UNGUARDED_AVAILABILITY = YES_AGGRESSIVE;
				CLANG_WARN_UNREACHABLE_CODE = YES;
				CLANG_WARN__DUPLICATE_METHOD_MATCH = YES;
				COPY_PHASE_STRIP = NO;
				DEBUG_INFORMATION_FORMAT = "dwarf-with-dsym";
				ENABLE_NS_ASSERTIONS = NO;
				ENABLE_STRICT_OBJC_MSGSEND = YES;
				GCC_C_LANGUAGE_STANDARD = gnu11;
				GCC_NO_COMMON_BLOCKS = YES;
				GCC_WARN_64_TO_32_BIT_CONVERSION = YES;
				GCC_WARN_ABOUT_RETURN_TYPE = YES_ERROR;
				GCC_WARN_UNDECLARED_SELECTOR = YES;
				GCC_WARN_UNINITIALIZED_AUTOS = YES_AGGRESSIVE;
				GCC_WARN_UNUSED_FUNCTION = YES;
				GCC_WARN_UNUSED_VARIABLE = YES;
				IPHONEOS_DEPLOYMENT_TARGET = 15.5;
				MTL_ENABLE_DEBUG_INFO = NO;
				MTL_FAST_MATH = YES;
				SDKROOT = iphoneos;
				SWIFT_COMPILATION_MODE = wholemodule;
				SWIFT_OPTIMIZATION_LEVEL = "-O";
				VALIDATE_PRODUCT = YES;
			};
			name = Release;
		};
		3472A86228BA7DD8005053DD /* Debug */ = {
			isa = XCBuildConfiguration;
			buildSettings = {
				ASSETCATALOG_COMPILER_APPICON_NAME = AppIcon;
				ASSETCATALOG_COMPILER_GLOBAL_ACCENT_COLOR_NAME = AccentColor;
				CODE_SIGN_STYLE = Automatic;
				CURRENT_PROJECT_VERSION = 1;
				GENERATE_INFOPLIST_FILE = YES;
				INFOPLIST_FILE = todo/Info.plist;
				INFOPLIST_KEY_UIApplicationSupportsIndirectInputEvents = YES;
				INFOPLIST_KEY_UILaunchStoryboardName = LaunchScreen;
				INFOPLIST_KEY_UIMainStoryboardFile = Main;
				INFOPLIST_KEY_UISupportedInterfaceOrientations_iPad = "UIInterfaceOrientationPortrait UIInterfaceOrientationPortraitUpsideDown UIInterfaceOrientationLandscapeLeft UIInterfaceOrientationLandscapeRight";
				INFOPLIST_KEY_UISupportedInterfaceOrientations_iPhone = "UIInterfaceOrientationPortrait UIInterfaceOrientationLandscapeLeft UIInterfaceOrientationLandscapeRight";
				LD_RUNPATH_SEARCH_PATHS = (
					"$(inherited)",
					"@executable_path/Frameworks",
				);
				MARKETING_VERSION = 1.0;
				PRODUCT_BUNDLE_IDENTIFIER = com.ygt.todo;
				PRODUCT_NAME = "$(TARGET_NAME)";
				SWIFT_EMIT_LOC_STRINGS = YES;
				SWIFT_VERSION = 5.0;
				TARGETED_DEVICE_FAMILY = "1,2";
			};
			name = Debug;
		};
		3472A86328BA7DD8005053DD /* Release */ = {
			isa = XCBuildConfiguration;
			buildSettings = {
				ASSETCATALOG_COMPILER_APPICON_NAME = AppIcon;
				ASSETCATALOG_COMPILER_GLOBAL_ACCENT_COLOR_NAME = AccentColor;
				CODE_SIGN_STYLE = Automatic;
				CURRENT_PROJECT_VERSION = 1;
				GENERATE_INFOPLIST_FILE = YES;
				INFOPLIST_FILE = todo/Info.plist;
				INFOPLIST_KEY_UIApplicationSupportsIndirectInputEvents = YES;
				INFOPLIST_KEY_UILaunchStoryboardName = LaunchScreen;
				INFOPLIST_KEY_UIMainStoryboardFile = Main;
				INFOPLIST_KEY_UISupportedInterfaceOrientations_iPad = "UIInterfaceOrientationPortrait UIInterfaceOrientationPortraitUpsideDown UIInterfaceOrientationLandscapeLeft UIInterfaceOrientationLandscapeRight";
				INFOPLIST_KEY_UISupportedInterfaceOrientations_iPhone = "UIInterfaceOrientationPortrait UIInterfaceOrientationLandscapeLeft UIInterfaceOrientationLandscapeRight";
				LD_RUNPATH_SEARCH_PATHS = (
					"$(inherited)",
					"@executable_path/Frameworks",
				);
				MARKETING_VERSION = 1.0;
				PRODUCT_BUNDLE_IDENTIFIER = com.ygt.todo;
				PRODUCT_NAME = "$(TARGET_NAME)";
				SWIFT_EMIT_LOC_STRINGS = YES;
				SWIFT_VERSION = 5.0;
				TARGETED_DEVICE_FAMILY = "1,2";
			};
			name = Release;
		};
		3472A86528BA7DD8005053DD /* Debug */ = {
			isa = XCBuildConfiguration;
			buildSettings = {
				ALWAYS_EMBED_SWIFT_STANDARD_LIBRARIES = YES;
				BUNDLE_LOADER = "$(TEST_HOST)";
				CODE_SIGN_STYLE = Automatic;
				CURRENT_PROJECT_VERSION = 1;
				GENERATE_INFOPLIST_FILE = YES;
				IPHONEOS_DEPLOYMENT_TARGET = 15.5;
				MARKETING_VERSION = 1.0;
				PRODUCT_BUNDLE_IDENTIFIER = com.ygt.todoTests;
				PRODUCT_NAME = "$(TARGET_NAME)";
				SWIFT_EMIT_LOC_STRINGS = NO;
				SWIFT_VERSION = 5.0;
				TARGETED_DEVICE_FAMILY = "1,2";
				TEST_HOST = "$(BUILT_PRODUCTS_DIR)/todo.app/todo";
			};
			name = Debug;
		};
		3472A86628BA7DD8005053DD /* Release */ = {
			isa = XCBuildConfiguration;
			buildSettings = {
				ALWAYS_EMBED_SWIFT_STANDARD_LIBRARIES = YES;
				BUNDLE_LOADER = "$(TEST_HOST)";
				CODE_SIGN_STYLE = Automatic;
				CURRENT_PROJECT_VERSION = 1;
				GENERATE_INFOPLIST_FILE = YES;
				IPHONEOS_DEPLOYMENT_TARGET = 15.5;
				MARKETING_VERSION = 1.0;
				PRODUCT_BUNDLE_IDENTIFIER = com.ygt.todoTests;
				PRODUCT_NAME = "$(TARGET_NAME)";
				SWIFT_EMIT_LOC_STRINGS = NO;
				SWIFT_VERSION = 5.0;
				TARGETED_DEVICE_FAMILY = "1,2";
				TEST_HOST = "$(BUILT_PRODUCTS_DIR)/todo.app/todo";
			};
			name = Release;
		};
		3472A86828BA7DD8005053DD /* Debug */ = {
			isa = XCBuildConfiguration;
			buildSettings = {
				ALWAYS_EMBED_SWIFT_STANDARD_LIBRARIES = YES;
				CODE_SIGN_STYLE = Automatic;
				CURRENT_PROJECT_VERSION = 1;
				GENERATE_INFOPLIST_FILE = YES;
				MARKETING_VERSION = 1.0;
				PRODUCT_BUNDLE_IDENTIFIER = com.ygt.todoUITests;
				PRODUCT_NAME = "$(TARGET_NAME)";
				SWIFT_EMIT_LOC_STRINGS = NO;
				SWIFT_VERSION = 5.0;
				TARGETED_DEVICE_FAMILY = "1,2";
				TEST_TARGET_NAME = todo;
			};
			name = Debug;
		};
		3472A86928BA7DD8005053DD /* Release */ = {
			isa = XCBuildConfiguration;
			buildSettings = {
				ALWAYS_EMBED_SWIFT_STANDARD_LIBRARIES = YES;
				CODE_SIGN_STYLE = Automatic;
				CURRENT_PROJECT_VERSION = 1;
				GENERATE_INFOPLIST_FILE = YES;
				MARKETING_VERSION = 1.0;
				PRODUCT_BUNDLE_IDENTIFIER = com.ygt.todoUITests;
				PRODUCT_NAME = "$(TARGET_NAME)";
				SWIFT_EMIT_LOC_STRINGS = NO;
				SWIFT_VERSION = 5.0;
				TARGETED_DEVICE_FAMILY = "1,2";
				TEST_TARGET_NAME = todo;
			};
			name = Release;
		};
/* End XCBuildConfiguration section */

/* Begin XCConfigurationList section */
		3472A83228BA7DD7005053DD /* Build configuration list for PBXProject "todo" */ = {
			isa = XCConfigurationList;
			buildConfigurations = (
				3472A85F28BA7DD8005053DD /* Debug */,
				3472A86028BA7DD8005053DD /* Release */,
			);
			defaultConfigurationIsVisible = 0;
			defaultConfigurationName = Release;
		};
		3472A86128BA7DD8005053DD /* Build configuration list for PBXNativeTarget "todo" */ = {
			isa = XCConfigurationList;
			buildConfigurations = (
				3472A86228BA7DD8005053DD /* Debug */,
				3472A86328BA7DD8005053DD /* Release */,
			);
			defaultConfigurationIsVisible = 0;
			defaultConfigurationName = Release;
		};
		3472A86428BA7DD8005053DD /* Build configuration list for PBXNativeTarget "todoTests" */ = {
			isa = XCConfigurationList;
			buildConfigurations = (
				3472A86528BA7DD8005053DD /* Debug */,
				3472A86628BA7DD8005053DD /* Release */,
			);
			defaultConfigurationIsVisible = 0;
			defaultConfigurationName = Release;
		};
		3472A86728BA7DD8005053DD /* Build configuration list for PBXNativeTarget "todoUITests" */ = {
			isa = XCConfigurationList;
			buildConfigurations = (
				3472A86828BA7DD8005053DD /* Debug */,
				3472A86928BA7DD8005053DD /* Release */,
			);
			defaultConfigurationIsVisible = 0;
			defaultConfigurationName = Release;
		};
/* End XCConfigurationList section */
	};
	rootObject = 3472A82F28BA7DD7005053DD /* Project object */;
}
